{
  "nodes": {
    "nixpkgs": {
      "locked": {
        "lastModified": 1778274207,
        "narHash": "sha256-I4puXmX1iovcCHZlRmztO3vW0mAbbRvq4F8wgIMQ1MM=",
        "owner": "NixOS",
        "repo": "nixpkgs",
        "rev": "b3da656039dc7a6240f27b2ef8cc6a3ef3bccae7",
        "type": "github"
      },
      "original": {
        "owner": "NixOS",
        "repo": "nixpkgs",
        "rev": "b3da656039dc7a6240f27b2ef8cc6a3ef3bccae7",
        "type": "github"
      }
    },
    "root": {
      "inputs": {
        "nixpkgs": "nixpkgs",
        "stalin": "stalin"
      }
    },
    "stalin": {
      "inputs": {
        "nixpkgs": [
          "nixpkgs"
        ]
      },
      "locked": {
        "lastModified": 1785005308,
        "narHash": "sha256-i6CEy1AN4B/8ZCdHBpcKnn+SNTw4vO29AHd6U0qyx3U=",
        "owner": "tessro",
        "repo": "stalin",
        "rev": "4f9e333d81a7b6f1bba7207f44d5234ba01485f0",
        "type": "github"
      },
      "original": {
        "owner": "tessro",
        "repo": "stalin",
        "type": "github"
      }
    }
  },
  "root": "root",
  "version": 7
}
